// !$*UTF8*$!
{
	archiveVersion = 1;
	classes = {
	};
	objectVersion = 77;
	objects = {

/* Begin PBXBuildFile section */
		022B5AEBAF4DC49D185D8C61 /* CardView.swift in Sources */ = {isa = PBXBuildFile; fileRef = E52ECA1421FC34A58F4E278F /* CardView.swift */; };
		07206F0992D3F8ED0019BCEF /* GameView.swift in Sources */ = {isa = PBXBuildFile; fileRef = 5029BAB55EBB1FC7299CE469 /* GameView.swift */; };
		0E7B78D661D0B28668F7185D /* ContentView.swift in Sources */ = {isa = PBXBuildFile; fileRef = EF9BB387E5C0B9E4434D2EC4 /* ContentView.swift */; };
		1A9059E5C4D458379CA13B37 /* GameHubClient.swift in Sources */ = {isa = PBXBuildFile; fileRef = C25629EED88C66ACE974AED9 /* GameHubClient.swift */; };
		213A1FEF91F8424828C24A77 /* CardModel.swift in Sources */ = {isa = PBXBuildFile; fileRef = 0C5120FDCFF45F68897CD3A9 /* CardModel.swift */; };
		234093BED799A18D790E5AFD /* PlayCardSheet.swift in Sources */ = {isa = PBXBuildFile; fileRef = D6DE677FC84B700A30B0D354 /* PlayCardSheet.swift */; };
		2F276D0550F519DF5AC2B1B4 /* HandView.swift in Sources */ = {isa = PBXBuildFile; fileRef = B50A0B1C024AA3D9B1464EDB /* HandView.swift */; };
		33922081F3368F245F6A562A /* Inter-Bold.ttf in Resources */ = {isa = PBXBuildFile; fileRef = DA2423DBCFDE6CC8D0D09037 /* Inter-Bold.ttf */; };
		34CF23A233525DA60DCB56A9 /* RentIcon.swift in Sources */ = {isa = PBXBuildFile; fileRef = 16DA80D1706718BC435F0F6F /* RentIcon.swift */; };
		4201319FEAAD397159C5365B /* GameConfig.swift in Sources */ = {isa = PBXBuildFile; fileRef = 0C74A6B3971B4529E0F796E9 /* GameConfig.swift */; };
		5951D93E7B76A5A7A4C4EC17 /* GameState.swift in Sources */ = {isa = PBXBuildFile; fileRef = E59ECC8F639E18D1E871726E /* GameState.swift */; };
		90E773F3D38AD79372814963 /* Inter-Regular.ttf in Resources */ = {isa = PBXBuildFile; fileRef = A35084CBE59DCCC7F56D84A4 /* Inter-Regular.ttf */; };
		9A906C00C2596B5BE7E3D2A7 /* Assets.xcassets in Resources */ = {isa = PBXBuildFile; fileRef = 5C2D85050D7E5B540ED916C8 /* Assets.xcassets */; };
		9B8F697A4007D68E66FEFCF3 /* Inter-SemiBold.ttf in Resources */ = {isa = PBXBuildFile; fileRef = 0468683AFDFCA1B3B78B4112 /* Inter-SemiBold.ttf */; };
		9BFE3030449A51487BD124B0 /* PropertyColors.swift in Sources */ = {isa = PBXBuildFile; fileRef = 317A4E502E7908E7ADF95B24 /* PropertyColors.swift */; };
		B5EF7761C4F21EC9776CFA8D /* StartView.swift in Sources */ = {isa = PBXBuildFile; fileRef = CD41328686EF5161A9096B83 /* StartView.swift */; };
		B6B49E6B24D5813469D64E0E /* AppRootView.swift in Sources */ = {isa = PBXBuildFile; fileRef = ED553198986784A92FFC8689 /* AppRootView.swift */; };
		B7B74DF24F1F901EE58F8DB7 /* InterFont.swift in Sources */ = {isa = PBXBuildFile; fileRef = 06E1E09CAFA984026AB73880 /* InterFont.swift */; };
		B9BDD767C00AD5C274D670E1 /* SignalRClient in Frameworks */ = {isa = PBXBuildFile; productRef = 09DD40C8A9BF8574E7BDBFE5 /* SignalRClient */; };
		C60BC7931C47EA7A424F0594 /* Inter-ExtraBold.ttf in Resources */ = {isa = PBXBuildFile; fileRef = 39492BE415F85B2CD1CF32D1 /* Inter-ExtraBold.ttf */; };
		C60D8432648BB2E735F02A8B /* BoardView.swift in Sources */ = {isa = PBXBuildFile; fileRef = 4D51FBB97CD7A601D58ACDE7 /* BoardView.swift */; };
		D600FB609644A76E11EA1E07 /* JeffopolyDealApp.swift in Sources */ = {isa = PBXBuildFile; fileRef = BA4684735EFC1B6BD1745648 /* JeffopolyDealApp.swift */; };
		D755C20B9E1BADB0283D2AA6 /* SVGPath.swift in Sources */ = {isa = PBXBuildFile; fileRef = 9F7FFC1123CD4F8F19535B26 /* SVGPath.swift */; };
		E085845C524941A3A67A823F /* Inter-Black.ttf in Resources */ = {isa = PBXBuildFile; fileRef = 3A0AAB6C882AC7DF6F93E3FD /* Inter-Black.ttf */; };
		E5066A090C73C4D9306CA458 /* PlayerBoardView.swift in Sources */ = {isa = PBXBuildFile; fileRef = 22E249D8BA84141111353903 /* PlayerBoardView.swift */; };
		FD0904A15DA222B534E32383 /* SessionStore.swift in Sources */ = {isa = PBXBuildFile; fileRef = BFC018F1B55911027CE6C76E /* SessionStore.swift */; };
/* End PBXBuildFile section */

/* Begin PBXFileReference section */
		0468683AFDFCA1B3B78B4112 /* Inter-SemiBold.ttf */ = {isa = PBXFileReference; lastKnownFileType = file; path = "Inter-SemiBold.ttf"; sourceTree = "<group>"; };
		06E1E09CAFA984026AB73880 /* InterFont.swift */ = {isa = PBXFileReference; lastKnownFileType = sourcecode.swift; path = InterFont.swift; sourceTree = "<group>"; };
		0C5120FDCFF45F68897CD3A9 /* CardModel.swift */ = {isa = PBXFileReference; lastKnownFileType = sourcecode.swift; path = CardModel.swift; sourceTree = "<group>"; };
		0C74A6B3971B4529E0F796E9 /* GameConfig.swift */ = {isa = PBXFileReference; lastKnownFileType = sourcecode.swift; path = GameConfig.swift; sourceTree = "<group>"; };
		16DA80D1706718BC435F0F6F /* RentIcon.swift */ = {isa = PBXFileReference; lastKnownFileType = sourcecode.swift; path = RentIcon.swift; sourceTree = "<group>"; };
		22E249D8BA84141111353903 /* PlayerBoardView.swift */ = {isa = PBXFileReference; lastKnownFileType = sourcecode.swift; path = PlayerBoardView.swift; sourceTree = "<group>"; };
		26D2CF3DAA2D1364BE0DBDB3 /* Info.plist */ = {isa = PBXFileReference; lastKnownFileType = text.plist; path = Info.plist; sourceTree = "<group>"; };
		317A4E502E7908E7ADF95B24 /* PropertyColors.swift */ = {isa = PBXFileReference; lastKnownFileType = sourcecode.swift; path = PropertyColors.swift; sourceTree = "<group>"; };
		39492BE415F85B2CD1CF32D1 /* Inter-ExtraBold.ttf */ = {isa = PBXFileReference; lastKnownFileType = file; path = "Inter-ExtraBold.ttf"; sourceTree = "<group>"; };
		3A0AAB6C882AC7DF6F93E3FD /* Inter-Black.ttf */ = {isa = PBXFileReference; lastKnownFileType = file; path = "Inter-Black.ttf"; sourceTree = "<group>"; };
		4D51FBB97CD7A601D58ACDE7 /* BoardView.swift */ = {isa = PBXFileReference; lastKnownFileType = sourcecode.swift; path = BoardView.swift; sourceTree = "<group>"; };
		5029BAB55EBB1FC7299CE469 /* GameView.swift */ = {isa = PBXFileReference; lastKnownFileType = sourcecode.swift; path = GameView.swift; sourceTree = "<group>"; };
		5C2D85050D7E5B540ED916C8 /* Assets.xcassets */ = {isa = PBXFileReference; lastKnownFileType = folder.assetcatalog; path = Assets.xcassets; sourceTree = "<group>"; };
		9F7FFC1123CD4F8F19535B26 /* SVGPath.swift */ = {isa = PBXFileReference; lastKnownFileType = sourcecode.swift; path = SVGPath.swift; sourceTree = "<group>"; };
		A055F2A2DE8181C26D32201B /* JeffopolyDeal.app */ = {isa = PBXFileReference; includeInIndex = 0; lastKnownFileType = wrapper.application; path = JeffopolyDeal.app; sourceTree = BUILT_PRODUCTS_DIR; };
		A35084CBE59DCCC7F56D84A4 /* Inter-Regular.ttf */ = {isa = PBXFileReference; lastKnownFileType = file; path = "Inter-Regular.ttf"; sourceTree = "<group>"; };
		B50A0B1C024AA3D9B1464EDB /* HandView.swift */ = {isa = PBXFileReference; lastKnownFileType = sourcecode.swift; path = HandView.swift; sourceTree = "<group>"; };
		BA4684735EFC1B6BD1745648 /* JeffopolyDealApp.swift */ = {isa = PBXFileReference; lastKnownFileType = sourcecode.swift; path = JeffopolyDealApp.swift; sourceTree = "<group>"; };
		BFC018F1B55911027CE6C76E /* SessionStore.swift */ = {isa = PBXFileReference; lastKnownFileType = sourcecode.swift; path = SessionStore.swift; sourceTree = "<group>"; };
		C25629EED88C66ACE974AED9 /* GameHubClient.swift */ = {isa = PBXFileReference; lastKnownFileType = sourcecode.swift; path = GameHubClient.swift; sourceTree = "<group>"; };
		CD41328686EF5161A9096B83 /* StartView.swift */ = {isa = PBXFileReference; lastKnownFileType = sourcecode.swift; path = StartView.swift; sourceTree = "<group>"; };
		D6DE677FC84B700A30B0D354 /* PlayCardSheet.swift */ = {isa = PBXFileReference; lastKnownFileType = sourcecode.swift; path = PlayCardSheet.swift; sourceTree = "<group>"; };
		DA2423DBCFDE6CC8D0D09037 /* Inter-Bold.ttf */ = {isa = PBXFileReference; lastKnownFileType = file; path = "Inter-Bold.ttf"; sourceTree = "<group>"; };
		E52ECA1421FC34A58F4E278F /* CardView.swift */ = {isa = PBXFileReference; lastKnownFileType = sourcecode.swift; path = CardView.swift; sourceTree = "<group>"; };
		E59ECC8F639E18D1E871726E /* GameState.swift */ = {isa = PBXFileReference; lastKnownFileType = sourcecode.swift; path = GameState.swift; sourceTree = "<group>"; };
		ED553198986784A92FFC8689 /* AppRootView.swift */ = {isa = PBXFileReference; lastKnownFileType = sourcecode.swift; path = AppRootView.swift; sourceTree = "<group>"; };
		EF9BB387E5C0B9E4434D2EC4 /* ContentView.swift */ = {isa = PBXFileReference; lastKnownFileType = sourcecode.swift; path = ContentView.swift; sourceTree = "<group>"; };
/* End PBXFileReference section */

/* Begin PBXFrameworksBuildPhase section */
		F0865105209F871D5CF1AAAC /* Frameworks */ = {
			isa = PBXFrameworksBuildPhase;
			buildActionMask = 2147483647;
			files = (
				B9BDD767C00AD5C274D670E1 /* SignalRClient in Frameworks */,
			);
			runOnlyForDeploymentPostprocessing = 0;
		};
/* End PBXFrameworksBuildPhase section */

/* Begin PBXGroup section */
		141DB5139D61D415E0E7EEB7 /* Views */ = {
			isa = PBXGroup;
			children = (
				E52ECA1421FC34A58F4E278F /* CardView.swift */,
				06E1E09CAFA984026AB73880 /* InterFont.swift */,
				16DA80D1706718BC435F0F6F /* RentIcon.swift */,
				9F7FFC1123CD4F8F19535B26 /* SVGPath.swift */,
			);
			path = Views;
			sourceTree = "<group>";
		};
		27C7AE56D0FC66DB47EE393C /* Fonts */ = {
			isa = PBXGroup;
			children = (
				3A0AAB6C882AC7DF6F93E3FD /* Inter-Black.ttf */,
				DA2423DBCFDE6CC8D0D09037 /* Inter-Bold.ttf */,
				39492BE415F85B2CD1CF32D1 /* Inter-ExtraBold.ttf */,
				A35084CBE59DCCC7F56D84A4 /* Inter-Regular.ttf */,
				0468683AFDFCA1B3B78B4112 /* Inter-SemiBold.ttf */,
			);
			path = Fonts;
			sourceTree = "<group>";
		};
		3F4A76785CCAD14B39072C4C /* Models */ = {
			isa = PBXGroup;
			children = (
				0C5120FDCFF45F68897CD3A9 /* CardModel.swift */,
				0C74A6B3971B4529E0F796E9 /* GameConfig.swift */,
				E59ECC8F639E18D1E871726E /* GameState.swift */,
				317A4E502E7908E7ADF95B24 /* PropertyColors.swift */,
			);
			path = Models;
			sourceTree = "<group>";
		};
		4C7D96EAF963EDF0B205884C /* Networking */ = {
			isa = PBXGroup;
			children = (
				C25629EED88C66ACE974AED9 /* GameHubClient.swift */,
				BFC018F1B55911027CE6C76E /* SessionStore.swift */,
			);
			path = Networking;
			sourceTree = "<group>";
		};
		6981A78DAC173A3B4CCED135 = {
			isa = PBXGroup;
			children = (
				D3E2841A67EA38458965F2AB /* JeffopolyDeal */,
				D2F32BD4EE78BC02161A984D /* Products */,
			);
			sourceTree = "<group>";
		};
		D2F32BD4EE78BC02161A984D /* Products */ = {
			isa = PBXGroup;
			children = (
				A055F2A2DE8181C26D32201B /* JeffopolyDeal.app */,
			);
			name = Products;
			sourceTree = "<group>";
		};
		D3E2841A67EA38458965F2AB /* JeffopolyDeal */ = {
			isa = PBXGroup;
			children = (
				ED553198986784A92FFC8689 /* AppRootView.swift */,
				5C2D85050D7E5B540ED916C8 /* Assets.xcassets */,
				4D51FBB97CD7A601D58ACDE7 /* BoardView.swift */,
				EF9BB387E5C0B9E4434D2EC4 /* ContentView.swift */,
				5029BAB55EBB1FC7299CE469 /* GameView.swift */,
				B50A0B1C024AA3D9B1464EDB /* HandView.swift */,
				26D2CF3DAA2D1364BE0DBDB3 /* Info.plist */,
				BA4684735EFC1B6BD1745648 /* JeffopolyDealApp.swift */,
				D6DE677FC84B700A30B0D354 /* PlayCardSheet.swift */,
				22E249D8BA84141111353903 /* PlayerBoardView.swift */,
				CD41328686EF5161A9096B83 /* StartView.swift */,
				27C7AE56D0FC66DB47EE393C /* Fonts */,
				3F4A76785CCAD14B39072C4C /* Models */,
				4C7D96EAF963EDF0B205884C /* Networking */,
				141DB5139D61D415E0E7EEB7 /* Views */,
			);
			path = JeffopolyDeal;
			sourceTree = "<group>";
		};
/* End PBXGroup section */

/* Begin PBXNativeTarget section */
		F0453A27849E62499BF3C861 /* JeffopolyDeal */ = {
			isa = PBXNativeTarget;
			buildConfigurationList = 168C1807B9B8032DA27FED0D /* Build configuration list for PBXNativeTarget "JeffopolyDeal" */;
			buildPhases = (
				4B5C3C080B7BCE3C35D9C076 /* Sources */,
				4A4A68BB4CF4245B7B64AB58 /* Resources */,
				F0865105209F871D5CF1AAAC /* Frameworks */,
			);
			buildRules = (
			);
			dependencies = (
			);
			name = JeffopolyDeal;
			packageProductDependencies = (
				09DD40C8A9BF8574E7BDBFE5 /* SignalRClient */,
			);
			productName = JeffopolyDeal;
			productReference = A055F2A2DE8181C26D32201B /* JeffopolyDeal.app */;
			productType = "com.apple.product-type.application";
		};
/* End PBXNativeTarget section */

/* Begin PBXProject section */
		D822633863A9F44060E51EA8 /* Project object */ = {
			isa = PBXProject;
			attributes = {
				BuildIndependentTargetsInParallel = YES;
				LastUpgradeCheck = 1430;
				TargetAttributes = {
				};
			};
			buildConfigurationList = ABADAA0D092B437C5ED25FA9 /* Build configuration list for PBXProject "JeffopolyDeal" */;
			developmentRegion = en;
			hasScannedForEncodings = 0;
			knownRegions = (
				Base,
				en,
			);
			mainGroup = 6981A78DAC173A3B4CCED135;
			minimizedProjectReferenceProxies = 1;
			packageReferences = (
				F62AEFD99C0853629897BE81 /* XCRemoteSwiftPackageReference "SignalR-Client-Swift" */,
			);
			preferredProjectObjectVersion = 77;
			productRefGroup = D2F32BD4EE78BC02161A984D /* Products */;
			projectDirPath = "";
			projectRoot = "";
			targets = (
				F0453A27849E62499BF3C861 /* JeffopolyDeal */,
			);
		};
/* End PBXProject section */

/* Begin PBXResourcesBuildPhase section */
		4A4A68BB4CF4245B7B64AB58 /* Resources */ = {
			isa = PBXResourcesBuildPhase;
			buildActionMask = 2147483647;
			files = (
				9A906C00C2596B5BE7E3D2A7 /* Assets.xcassets in Resources */,
				E085845C524941A3A67A823F /* Inter-Black.ttf in Resources */,
				33922081F3368F245F6A562A /* Inter-Bold.ttf in Resources */,
				C60BC7931C47EA7A424F0594 /* Inter-ExtraBold.ttf in Resources */,
				90E773F3D38AD79372814963 /* Inter-Regular.ttf in Resources */,
				9B8F697A4007D68E66FEFCF3 /* Inter-SemiBold.ttf in Resources */,
			);
			runOnlyForDeploymentPostprocessing = 0;
		};
/* End PBXResourcesBuildPhase section */

/* Begin PBXSourcesBuildPhase section */
		4B5C3C080B7BCE3C35D9C076 /* Sources */ = {
			isa = PBXSourcesBuildPhase;
			buildActionMask = 2147483647;
			files = (
				B6B49E6B24D5813469D64E0E /* AppRootView.swift in Sources */,
				C60D8432648BB2E735F02A8B /* BoardView.swift in Sources */,
				213A1FEF91F8424828C24A77 /* CardModel.swift in Sources */,
				022B5AEBAF4DC49D185D8C61 /* CardView.swift in Sources */,
				0E7B78D661D0B28668F7185D /* ContentView.swift in Sources */,
				4201319FEAAD397159C5365B /* GameConfig.swift in Sources */,
				1A9059E5C4D458379CA13B37 /* GameHubClient.swift in Sources */,
				5951D93E7B76A5A7A4C4EC17 /* GameState.swift in Sources */,
				07206F0992D3F8ED0019BCEF /* GameView.swift in Sources */,
				2F276D0550F519DF5AC2B1B4 /* HandView.swift in Sources */,
				B7B74DF24F1F901EE58F8DB7 /* InterFont.swift in Sources */,
				D600FB609644A76E11EA1E07 /* JeffopolyDealApp.swift in Sources */,
				234093BED799A18D790E5AFD /* PlayCardSheet.swift in Sources */,
				E5066A090C73C4D9306CA458 /* PlayerBoardView.swift in Sources */,
				9BFE3030449A51487BD124B0 /* PropertyColors.swift in Sources */,
				34CF23A233525DA60DCB56A9 /* RentIcon.swift in Sources */,
				D755C20B9E1BADB0283D2AA6 /* SVGPath.swift in Sources */,
				FD0904A15DA222B534E32383 /* SessionStore.swift in Sources */,
				B5EF7761C4F21EC9776CFA8D /* StartView.swift in Sources */,
			);
			runOnlyForDeploymentPostprocessing = 0;
		};
/* End PBXSourcesBuildPhase section */

/* Begin XCBuildConfiguration section */
		56B5C35F27D461E88E0DF4EA /* Debug */ = {
			isa = XCBuildConfiguration;
			buildSettings = {
				ALWAYS_SEARCH_USER_PATHS = NO;
				CLANG_ANALYZER_NONNULL = YES;
				CLANG_ANALYZER_NUMBER_OBJECT_CONVERSION = YES_AGGRESSIVE;
				CLANG_CXX_LANGUAGE_STANDARD = "gnu++14";
				CLANG_CXX_LIBRARY = "libc++";
				CLANG_ENABLE_MODULES = YES;
				CLANG_ENABLE_OBJC_ARC = YES;
				CLANG_ENABLE_OBJC_WEAK = YES;
				CLANG_WARN_BLOCK_CAPTURE_AUTORELEASING = YES;
				CLANG_WARN_BOOL_CONVERSION = YES;
				CLANG_WARN_COMMA = YES;
				CLANG_WARN_CONSTANT_CONVERSION = YES;
				CLANG_WARN_DEPRECATED_OBJC_IMPLEMENTATIONS = YES;
				CLANG_WARN_DIRECT_OBJC_ISA_USAGE = YES_ERROR;
				CLANG_WARN_DOCUMENTATION_COMMENTS = YES;
				CLANG_WARN_EMPTY_BODY = YES;
				CLANG_WARN_ENUM_CONVERSION = YES;
				CLANG_WARN_INFINITE_RECURSION = YES;
				CLANG_WARN_INT_CONVERSION = YES;
				CLANG_WARN_NON_LITERAL_NULL_CONVERSION = YES;
				CLANG_WARN_OBJC_IMPLICIT_RETAIN_SELF = YES;
				CLANG_WARN_OBJC_LITERAL_CONVERSION = YES;
				CLANG_WARN_OBJC_ROOT_CLASS = YES_ERROR;
				CLANG_WARN_QUOTED_INCLUDE_IN_FRAMEWORK_HEADER = YES;
				CLANG_WARN_RANGE_LOOP_ANALYSIS = YES;
				CLANG_WARN_STRICT_PROTOTYPES = YES;
				CLANG_WARN_SUSPICIOUS_MOVE = YES;
				CLANG_WARN_UNGUARDED_AVAILABILITY = YES_AGGRESSIVE;
				CLANG_WARN_UNREACHABLE_CODE = YES;
				CLANG_WARN__DUPLICATE_METHOD_MATCH = YES;
				COPY_PHASE_STRIP = NO;
				DEBUG_INFORMATION_FORMAT = dwarf;
				ENABLE_STRICT_OBJC_MSGSEND = YES;
				ENABLE_TESTABILITY = YES;
				GCC_C_LANGUAGE_STANDARD = gnu11;
				GCC_DYNAMIC_NO_PIC = NO;
				GCC_NO_COMMON_BLOCKS = YES;
				GCC_OPTIMIZATION_LEVEL = 0;
				GCC_PREPROCESSOR_DEFINITIONS = (
					"$(inherited)",
					"DEBUG=1",
				);
				GCC_WARN_64_TO_32_BIT_CONVERSION = YES;
				GCC_WARN_ABOUT_RETURN_TYPE = YES_ERROR;
				GCC_WARN_UNDECLARED_SELECTOR = YES;
				GCC_WARN_UNINITIALIZED_AUTOS = YES_AGGRESSIVE;
				GCC_WARN_UNUSED_FUNCTION = YES;
				GCC_WARN_UNUSED_VARIABLE = YES;
				IPHONEOS_DEPLOYMENT_TARGET = 17.0;
				MTL_ENABLE_DEBUG_INFO = INCLUDE_SOURCE;
				MTL_FAST_MATH = YES;
				ONLY_ACTIVE_ARCH = YES;
				PRODUCT_NAME = "$(TARGET_NAME)";
				SDKROOT = iphoneos;
				SWIFT_ACTIVE_COMPILATION_CONDITIONS = DEBUG;
				SWIFT_OPTIMIZATION_LEVEL = "-Onone";
				SWIFT_VERSION = 5.0;
			};
			name = Debug;
		};
		B615321FE8196765BA1A4D05 /* Release */ = {
			isa = XCBuildConfiguration;
			buildSettings = {
				ASSETCATALOG_COMPILER_APPICON_NAME = AppIcon;
				CODE_SIGN_IDENTITY = "iPhone Developer";
				GENERATE_INFOPLIST_FILE = YES;
				INFOPLIST_FILE = JeffopolyDeal/Info.plist;
				LD_RUNPATH_SEARCH_PATHS = (
					"$(inherited)",
					"@executable_path/Frameworks",
				);
				PRODUCT_BUNDLE_IDENTIFIER = net.steinbok.jeffopolydeal;
				SDKROOT = iphoneos;
				SWIFT_VERSION = 5.0;
				TARGETED_DEVICE_FAMILY = "1,2";
			};
			name = Release;
		};
		D27398C7029F1D2E2BF0B4F2 /* Debug */ = {
			isa = XCBuildConfiguration;
			buildSettings = {
				ASSETCATALOG_COMPILER_APPICON_NAME = AppIcon;
				CODE_SIGN_IDENTITY = "iPhone Developer";
				GENERATE_INFOPLIST_FILE = YES;
				INFOPLIST_FILE = JeffopolyDeal/Info.plist;
				LD_RUNPATH_SEARCH_PATHS = (
					"$(inherited)",
					"@executable_path/Frameworks",
				);
				PRODUCT_BUNDLE_IDENTIFIER = net.steinbok.jeffopolydeal;
				SDKROOT = iphoneos;
				SWIFT_VERSION = 5.0;
				TARGETED_DEVICE_FAMILY = "1,2";
			};
			name = Debug;
		};
		EB8F1117E532AEB950016C25 /* Release */ = {
			isa = XCBuildConfiguration;
			buildSettings = {
				ALWAYS_SEARCH_USER_PATHS = NO;
				CLANG_ANALYZER_NONNULL = YES;
				CLANG_ANALYZER_NUMBER_OBJECT_CONVERSION = YES_AGGRESSIVE;
				CLANG_CXX_LANGUAGE_STANDARD = "gnu++14";
				CLANG_CXX_LIBRARY = "libc++";
				CLANG_ENABLE_MODULES = YES;
				CLANG_ENABLE_OBJC_ARC = YES;
				CLANG_ENABLE_OBJC_WEAK = YES;
				CLANG_WARN_BLOCK_CAPTURE_AUTORELEASING = YES;
				CLANG_WARN_BOOL_CONVERSION = YES;
				CLANG_WARN_COMMA = YES;
				CLANG_WARN_CONSTANT_CONVERSION = YES;
				CLANG_WARN_DEPRECATED_OBJC_IMPLEMENTATIONS = YES;
				CLANG_WARN_DIRECT_OBJC_ISA_USAGE = YES_ERROR;
				CLANG_WARN_DOCUMENTATION_COMMENTS = YES;
				CLANG_WARN_EMPTY_BODY = YES;
				CLANG_WARN_ENUM_CONVERSION = YES;
				CLANG_WARN_INFINITE_RECURSION = YES;
				CLANG_WARN_INT_CONVERSION = YES;
				CLANG_WARN_NON_LITERAL_NULL_CONVERSION = YES;
				CLANG_WARN_OBJC_IMPLICIT_RETAIN_SELF = YES;
				CLANG_WARN_OBJC_LITERAL_CONVERSION = YES;
				CLANG_WARN_OBJC_ROOT_CLASS = YES_ERROR;
				CLANG_WARN_QUOTED_INCLUDE_IN_FRAMEWORK_HEADER = YES;
				CLANG_WARN_RANGE_LOOP_ANALYSIS = YES;
				CLANG_WARN_STRICT_PROTOTYPES = YES;
				CLANG_WARN_SUSPICIOUS_MOVE = YES;
				CLANG_WARN_UNGUARDED_AVAILABILITY = YES_AGGRESSIVE;
				CLANG_WARN_UNREACHABLE_CODE = YES;
				CLANG_WARN__DUPLICATE_METHOD_MATCH = YES;
				COPY_PHASE_STRIP = NO;
				DEBUG_INFORMATION_FORMAT = "dwarf-with-dsym";
				ENABLE_NS_ASSERTIONS = NO;
				ENABLE_STRICT_OBJC_MSGSEND = YES;
				GCC_C_LANGUAGE_STANDARD = gnu11;
				GCC_NO_COMMON_BLOCKS = YES;
				GCC_WARN_64_TO_32_BIT_CONVERSION = YES;
				GCC_WARN_ABOUT_RETURN_TYPE = YES_ERROR;
				GCC_WARN_UNDECLARED_SELECTOR = YES;
				GCC_WARN_UNINITIALIZED_AUTOS = YES_AGGRESSIVE;
				GCC_WARN_UNUSED_FUNCTION = YES;
				GCC_WARN_UNUSED_VARIABLE = YES;
				IPHONEOS_DEPLOYMENT_TARGET = 17.0;
				MTL_ENABLE_DEBUG_INFO = NO;
				MTL_FAST_MATH = YES;
				PRODUCT_NAME = "$(TARGET_NAME)";
				SDKROOT = iphoneos;
				SWIFT_COMPILATION_MODE = wholemodule;
				SWIFT_OPTIMIZATION_LEVEL = "-O";
				SWIFT_VERSION = 5.0;
			};
			name = Release;
		};
/* End XCBuildConfiguration section */

/* Begin XCConfigurationList section */
		168C1807B9B8032DA27FED0D /* Build configuration list for PBXNativeTarget "JeffopolyDeal" */ = {
			isa = XCConfigurationList;
			buildConfigurations = (
				D27398C7029F1D2E2BF0B4F2 /* Debug */,
				B615321FE8196765BA1A4D05 /* Release */,
			);
			defaultConfigurationIsVisible = 0;
			defaultConfigurationName = Debug;
		};
		ABADAA0D092B437C5ED25FA9 /* Build configuration list for PBXProject "JeffopolyDeal" */ = {
			isa = XCConfigurationList;
			buildConfigurations = (
				56B5C35F27D461E88E0DF4EA /* Debug */,
				EB8F1117E532AEB950016C25 /* Release */,
			);
			defaultConfigurationIsVisible = 0;
			defaultConfigurationName = Debug;
		};
/* End XCConfigurationList section */

/* Begin XCRemoteSwiftPackageReference section */
		F62AEFD99C0853629897BE81 /* XCRemoteSwiftPackageReference "SignalR-Client-Swift" */ = {
			isa = XCRemoteSwiftPackageReference;
			repositoryURL = "https://github.com/moozzyk/SignalR-Client-Swift.git";
			requirement = {
				kind = upToNextMajorVersion;
				minimumVersion = 0.9.0;
			};
		};
/* End XCRemoteSwiftPackageReference section */

/* Begin XCSwiftPackageProductDependency section */
		09DD40C8A9BF8574E7BDBFE5 /* SignalRClient */ = {
			isa = XCSwiftPackageProductDependency;
			package = F62AEFD99C0853629897BE81 /* XCRemoteSwiftPackageReference "SignalR-Client-Swift" */;
			productName = SignalRClient;
		};
/* End XCSwiftPackageProductDependency section */
	};
	rootObject = D822633863A9F44060E51EA8 /* Project object */;
}
