{
  "originHash" : "f714b79e16fbe48aa3fb2eb4c079b94761caebd1ff252790033501169fbd0165",
  "pins" : [
    {
      "identity" : "signalr-client-swift",
      "kind" : "remoteSourceControl",
      "location" : "https://github.com/moozzyk/SignalR-Client-Swift.git",
      "state" : {
        "revision" : "2e1465d16f2489c70f8925568130d04cb1f17049",
        "version" : "0.9.4"
      }
    }
  ],
  "version" : 3
}
